
Microsoft Visual Studio Solution File, Format Version 12.00
# Visual Studio Version 16
VisualStudioVersion = 16.0.30204.135
MinimumVisualStudioVersion = 10.0.40219.1
Project("{9A19103F-16F7-4668-BE54-9A1E7A4F7556}") = "2DArray", "2DArray\2DArray.csproj", "{21E07CFA-A2E5-43BE-9854-1D67A032F20A}"
EndProject
Project("{9A19103F-16F7-4668-BE54-9A1E7A4F7556}") = "Bubble_Sort", "Bubble_Sort\Bubble_Sort.csproj", "{4A10311F-34C7-43AD-B3B8-D3187967A72A}"
EndProject
Project("{9A19103F-16F7-4668-BE54-9A1E7A4F7556}") = "Making_Anagrams", "Making_Anagrams\Making_Anagrams.csproj", "{E5F97A2E-978B-470B-8003-19CDBD407FA8}"
EndProject
Project("{9A19103F-16F7-4668-BE54-9A1E7A4F7556}") = "Alternating_Characters", "Alternating_Characters\Alternating_Characters.csproj", "{7DAAE9FD-CA92-4606-AE46-9E930E4163E5}"
EndProject
Project("{9A19103F-16F7-4668-BE54-9A1E7A4F7556}") = "Minimum_Absolute_Difference", "Minimum_Absolute_Difference\Minimum_Absolute_Difference.csproj", "{BD5EA38B-4337-492C-8693-30C70A166658}"
EndProject
Project("{9A19103F-16F7-4668-BE54-9A1E7A4F7556}") = "Find_Max_Min_Value", "Find_Max_Min_Value\Find_Max_Min_Value.csproj", "{D11A0D62-CDBE-4D7B-A8B4-DA63DD6C6807}"
EndProject
Project("{9A19103F-16F7-4668-BE54-9A1E7A4F7556}") = "Byte_by_Byte_Comparision", "Byte_by_Byte_Comparision\Byte_by_Byte_Comparision.csproj", "{584C0604-951D-4A24-8E2C-7DA515DE8A4F}"
EndProject
Project("{9A19103F-16F7-4668-BE54-9A1E7A4F7556}") = "Move_Zeros", "Move_Zeros\Move_Zeros.csproj", "{6755349F-285F-450E-A4E0-434546C12650}"
EndProject
Project("{9A19103F-16F7-4668-BE54-9A1E7A4F7556}") = "Two_Sum", "Two_Sum\Two_Sum.csproj", "{E53F51A4-BEE0-4693-A320-484F528636FB}"
EndProject
Project("{FAE04EC0-301F-11D3-BF4B-00C04F79EFBC}") = "Shuffle_Cards", "Shuffle_Cards\Shuffle_Cards.csproj", "{937DD3DE-8656-4F85-A942-68BD741B1DAC}"
EndProject
Global
	GlobalSection(SolutionConfigurationPlatforms) = preSolution
		Debug|Any CPU = Debug|Any CPU
		Release|Any CPU = Release|Any CPU
	EndGlobalSection
	GlobalSection(ProjectConfigurationPlatforms) = postSolution
		{21E07CFA-A2E5-43BE-9854-1D67A032F20A}.Debug|Any CPU.ActiveCfg = Debug|Any CPU
		{21E07CFA-A2E5-43BE-9854-1D67A032F20A}.Debug|Any CPU.Build.0 = Debug|Any CPU
		{21E07CFA-A2E5-43BE-9854-1D67A032F20A}.Release|Any CPU.ActiveCfg = Release|Any CPU
		{21E07CFA-A2E5-43BE-9854-1D67A032F20A}.Release|Any CPU.Build.0 = Release|Any CPU
		{4A10311F-34C7-43AD-B3B8-D3187967A72A}.Debug|Any CPU.ActiveCfg = Debug|Any CPU
		{4A10311F-34C7-43AD-B3B8-D3187967A72A}.Debug|Any CPU.Build.0 = Debug|Any CPU
		{4A10311F-34C7-43AD-B3B8-D3187967A72A}.Release|Any CPU.ActiveCfg = Release|Any CPU
		{4A10311F-34C7-43AD-B3B8-D3187967A72A}.Release|Any CPU.Build.0 = Release|Any CPU
		{E5F97A2E-978B-470B-8003-19CDBD407FA8}.Debug|Any CPU.ActiveCfg = Debug|Any CPU
		{E5F97A2E-978B-470B-8003-19CDBD407FA8}.Debug|Any CPU.Build.0 = Debug|Any CPU
		{E5F97A2E-978B-470B-8003-19CDBD407FA8}.Release|Any CPU.ActiveCfg = Release|Any CPU
		{E5F97A2E-978B-470B-8003-19CDBD407FA8}.Release|Any CPU.Build.0 = Release|Any CPU
		{7DAAE9FD-CA92-4606-AE46-9E930E4163E5}.Debug|Any CPU.ActiveCfg = Debug|Any CPU
		{7DAAE9FD-CA92-4606-AE46-9E930E4163E5}.Debug|Any CPU.Build.0 = Debug|Any CPU
		{7DAAE9FD-CA92-4606-AE46-9E930E4163E5}.Release|Any CPU.ActiveCfg = Release|Any CPU
		{7DAAE9FD-CA92-4606-AE46-9E930E4163E5}.Release|Any CPU.Build.0 = Release|Any CPU
		{BD5EA38B-4337-492C-8693-30C70A166658}.Debug|Any CPU.ActiveCfg = Debug|Any CPU
		{BD5EA38B-4337-492C-8693-30C70A166658}.Debug|Any CPU.Build.0 = Debug|Any CPU
		{BD5EA38B-4337-492C-8693-30C70A166658}.Release|Any CPU.ActiveCfg = Release|Any CPU
		{BD5EA38B-4337-492C-8693-30C70A166658}.Release|Any CPU.Build.0 = Release|Any CPU
		{D11A0D62-CDBE-4D7B-A8B4-DA63DD6C6807}.Debug|Any CPU.ActiveCfg = Debug|Any CPU
		{D11A0D62-CDBE-4D7B-A8B4-DA63DD6C6807}.Debug|Any CPU.Build.0 = Debug|Any CPU
		{D11A0D62-CDBE-4D7B-A8B4-DA63DD6C6807}.Release|Any CPU.ActiveCfg = Release|Any CPU
		{D11A0D62-CDBE-4D7B-A8B4-DA63DD6C6807}.Release|Any CPU.Build.0 = Release|Any CPU
		{584C0604-951D-4A24-8E2C-7DA515DE8A4F}.Debug|Any CPU.ActiveCfg = Debug|Any CPU
		{584C0604-951D-4A24-8E2C-7DA515DE8A4F}.Debug|Any CPU.Build.0 = Debug|Any CPU
		{584C0604-951D-4A24-8E2C-7DA515DE8A4F}.Release|Any CPU.ActiveCfg = Release|Any CPU
		{584C0604-951D-4A24-8E2C-7DA515DE8A4F}.Release|Any CPU.Build.0 = Release|Any CPU
		{6755349F-285F-450E-A4E0-434546C12650}.Debug|Any CPU.ActiveCfg = Debug|Any CPU
		{6755349F-285F-450E-A4E0-434546C12650}.Debug|Any CPU.Build.0 = Debug|Any CPU
		{6755349F-285F-450E-A4E0-434546C12650}.Release|Any CPU.ActiveCfg = Release|Any CPU
		{6755349F-285F-450E-A4E0-434546C12650}.Release|Any CPU.Build.0 = Release|Any CPU
		{E53F51A4-BEE0-4693-A320-484F528636FB}.Debug|Any CPU.ActiveCfg = Debug|Any CPU
		{E53F51A4-BEE0-4693-A320-484F528636FB}.Debug|Any CPU.Build.0 = Debug|Any CPU
		{E53F51A4-BEE0-4693-A320-484F528636FB}.Release|Any CPU.ActiveCfg = Release|Any CPU
		{E53F51A4-BEE0-4693-A320-484F528636FB}.Release|Any CPU.Build.0 = Release|Any CPU
		{937DD3DE-8656-4F85-A942-68BD741B1DAC}.Debug|Any CPU.ActiveCfg = Debug|Any CPU
		{937DD3DE-8656-4F85-A942-68BD741B1DAC}.Debug|Any CPU.Build.0 = Debug|Any CPU
		{937DD3DE-8656-4F85-A942-68BD741B1DAC}.Release|Any CPU.ActiveCfg = Release|Any CPU
		{937DD3DE-8656-4F85-A942-68BD741B1DAC}.Release|Any CPU.Build.0 = Release|Any CPU
	EndGlobalSection
	GlobalSection(SolutionProperties) = preSolution
		HideSolutionNode = FALSE
	EndGlobalSection
	GlobalSection(ExtensibilityGlobals) = postSolution
		SolutionGuid = {CBD7E9B0-1075-4515-A55B-EF04C0321C95}
	EndGlobalSection
EndGlobal
